// !$*UTF8*$!
{
	archiveVersion = 1;
	classes = {
	};
	objectVersion = 52;
	objects = {

/* Begin PBXBuildFile section */
		2A1EA511EDE7BB3E0BF18B73 /* mobileworkflow.license in Resources */ = {isa = PBXBuildFile; fileRef = 4C1515FACE608FA7F26F440A /* mobileworkflow.license */; };
		3634FEF725794CB40086674E /* MWBlackBerryDynamicsEmailStep.swift in Sources */ = {isa = PBXBuildFile; fileRef = 3634FEF525794CB40086674E /* MWBlackBerryDynamicsEmailStep.swift */; };
		3634FEF825794CB40086674E /* MWBlackBerryDynamicsEmailViewController.swift in Sources */ = {isa = PBXBuildFile; fileRef = 3634FEF625794CB40086674E /* MWBlackBerryDynamicsEmailViewController.swift */; };
		3634FF0625795A5F0086674E /* MWBlackBerryDynamicsPlugin.swift in Sources */ = {isa = PBXBuildFile; fileRef = 3634FF0525795A5F0086674E /* MWBlackBerryDynamicsPlugin.swift */; };
		366BC291255EC7CA00CC3F27 /* BlackBerryDynamics.swift in Sources */ = {isa = PBXBuildFile; fileRef = 366BC290255EC7CA00CC3F27 /* BlackBerryDynamics.swift */; };
		366BC2F82562CA8400CC3F27 /* BlackBerryCerticom.xcframework in Frameworks */ = {isa = PBXBuildFile; fileRef = 366BC284255EC7AF00CC3F27 /* BlackBerryCerticom.xcframework */; };
		366BC2F92562CA8400CC3F27 /* BlackBerryCerticom.xcframework in Embed Frameworks */ = {isa = PBXBuildFile; fileRef = 366BC284255EC7AF00CC3F27 /* BlackBerryCerticom.xcframework */; settings = {ATTRIBUTES = (CodeSignOnCopy, RemoveHeadersOnCopy, ); }; };
		366BC2FC2562CA8600CC3F27 /* BlackBerryCerticomSBGSE.xcframework in Frameworks */ = {isa = PBXBuildFile; fileRef = 366BC286255EC7B200CC3F27 /* BlackBerryCerticomSBGSE.xcframework */; };
		366BC2FD2562CA8600CC3F27 /* BlackBerryCerticomSBGSE.xcframework in Embed Frameworks */ = {isa = PBXBuildFile; fileRef = 366BC286255EC7B200CC3F27 /* BlackBerryCerticomSBGSE.xcframework */; settings = {ATTRIBUTES = (CodeSignOnCopy, RemoveHeadersOnCopy, ); }; };
		366BC2FF2562CA8700CC3F27 /* BlackBerryDynamics.xcframework in Frameworks */ = {isa = PBXBuildFile; fileRef = 366BC285255EC7B100CC3F27 /* BlackBerryDynamics.xcframework */; };
		366BC3002562CA8700CC3F27 /* BlackBerryDynamics.xcframework in Embed Frameworks */ = {isa = PBXBuildFile; fileRef = 366BC285255EC7B100CC3F27 /* BlackBerryDynamics.xcframework */; settings = {ATTRIBUTES = (CodeSignOnCopy, RemoveHeadersOnCopy, ); }; };
		36A29AF92579289200778996 /* BBDServiceClient.swift in Sources */ = {isa = PBXBuildFile; fileRef = 36A29AF82579289200778996 /* BBDServiceClient.swift */; };
		78BC7F0C268F164F00847109 /* BBPDFService.swift in Sources */ = {isa = PBXBuildFile; fileRef = 78BC7F0B268F164F00847109 /* BBPDFService.swift */; };
		B75028B51C5A3F94000EB3CF /* AppDelegate.swift in Sources */ = {isa = PBXBuildFile; fileRef = B75028B41C5A3F94000EB3CF /* AppDelegate.swift */; };
		B75028BA1C5A3F94000EB3CF /* Main.storyboard in Resources */ = {isa = PBXBuildFile; fileRef = B75028B81C5A3F94000EB3CF /* Main.storyboard */; };
		B75028BC1C5A3F94000EB3CF /* Assets.xcassets in Resources */ = {isa = PBXBuildFile; fileRef = B75028BB1C5A3F94000EB3CF /* Assets.xcassets */; };
		B75028BF1C5A3F94000EB3CF /* LaunchScreen.storyboard in Resources */ = {isa = PBXBuildFile; fileRef = B75028BD1C5A3F94000EB3CF /* LaunchScreen.storyboard */; };
		B75028CA1C5A3F94000EB3CF /* TestTests.swift in Sources */ = {isa = PBXBuildFile; fileRef = B75028C91C5A3F94000EB3CF /* TestTests.swift */; };
		DB5B38FA252F66F1000DA92E /* SceneDelegate.swift in Sources */ = {isa = PBXBuildFile; fileRef = DB5B38F9252F66F1000DA92E /* SceneDelegate.swift */; };
		DBCD1DEE252FA814004480D4 /* app.json in Resources */ = {isa = PBXBuildFile; fileRef = DBCD1DED252FA814004480D4 /* app.json */; };
/* End PBXBuildFile section */

/* Begin PBXContainerItemProxy section */
		B75028C61C5A3F94000EB3CF /* PBXContainerItemProxy */ = {
			isa = PBXContainerItemProxy;
			containerPortal = B75028A91C5A3F94000EB3CF /* Project object */;
			proxyType = 1;
			remoteGlobalIDString = B75028B01C5A3F94000EB3CF;
			remoteInfo = Test;
		};
/* End PBXContainerItemProxy section */

/* Begin PBXCopyFilesBuildPhase section */
		366BC2FA2562CA8400CC3F27 /* Embed Frameworks */ = {
			isa = PBXCopyFilesBuildPhase;
			buildActionMask = 2147483647;
			dstPath = "";
			dstSubfolderSpec = 10;
			files = (
				366BC2F92562CA8400CC3F27 /* BlackBerryCerticom.xcframework in Embed Frameworks */,
				366BC2FD2562CA8600CC3F27 /* BlackBerryCerticomSBGSE.xcframework in Embed Frameworks */,
				366BC3002562CA8700CC3F27 /* BlackBerryDynamics.xcframework in Embed Frameworks */,
			);
			name = "Embed Frameworks";
			runOnlyForDeploymentPostprocessing = 0;
		};
/* End PBXCopyFilesBuildPhase section */

/* Begin PBXFileReference section */
		3634FEF525794CB40086674E /* MWBlackBerryDynamicsEmailStep.swift */ = {isa = PBXFileReference; fileEncoding = 4; lastKnownFileType = sourcecode.swift; path = MWBlackBerryDynamicsEmailStep.swift; sourceTree = "<group>"; };
		3634FEF625794CB40086674E /* MWBlackBerryDynamicsEmailViewController.swift */ = {isa = PBXFileReference; fileEncoding = 4; lastKnownFileType = sourcecode.swift; path = MWBlackBerryDynamicsEmailViewController.swift; sourceTree = "<group>"; };
		3634FF0525795A5F0086674E /* MWBlackBerryDynamicsPlugin.swift */ = {isa = PBXFileReference; fileEncoding = 4; lastKnownFileType = sourcecode.swift; path = MWBlackBerryDynamicsPlugin.swift; sourceTree = "<group>"; };
		366BC284255EC7AF00CC3F27 /* BlackBerryCerticom.xcframework */ = {isa = PBXFileReference; lastKnownFileType = wrapper.xcframework; path = BlackBerryCerticom.xcframework; sourceTree = "<group>"; };
		366BC285255EC7B100CC3F27 /* BlackBerryDynamics.xcframework */ = {isa = PBXFileReference; lastKnownFileType = wrapper.xcframework; path = BlackBerryDynamics.xcframework; sourceTree = "<group>"; };
		366BC286255EC7B200CC3F27 /* BlackBerryCerticomSBGSE.xcframework */ = {isa = PBXFileReference; lastKnownFileType = wrapper.xcframework; path = BlackBerryCerticomSBGSE.xcframework; sourceTree = "<group>"; };
		366BC290255EC7CA00CC3F27 /* BlackBerryDynamics.swift */ = {isa = PBXFileReference; fileEncoding = 4; lastKnownFileType = sourcecode.swift; path = BlackBerryDynamics.swift; sourceTree = "<group>"; };
		36A29AF82579289200778996 /* BBDServiceClient.swift */ = {isa = PBXFileReference; lastKnownFileType = sourcecode.swift; path = BBDServiceClient.swift; sourceTree = "<group>"; };
		4C1515FACE608FA7F26F440A /* mobileworkflow.license */ = {isa = PBXFileReference; includeInIndex = 1; path = mobileworkflow.license; sourceTree = "<group>"; };
		78BC7F0B268F164F00847109 /* BBPDFService.swift */ = {isa = PBXFileReference; lastKnownFileType = sourcecode.swift; path = BBPDFService.swift; sourceTree = "<group>"; };
		78C0E9BB20BC315100255055 /* Test.entitlements */ = {isa = PBXFileReference; lastKnownFileType = text.plist.entitlements; path = Test.entitlements; sourceTree = "<group>"; };
		B75028B11C5A3F94000EB3CF /* Test.app */ = {isa = PBXFileReference; explicitFileType = wrapper.application; includeInIndex = 0; path = Test.app; sourceTree = BUILT_PRODUCTS_DIR; };
		B75028B41C5A3F94000EB3CF /* AppDelegate.swift */ = {isa = PBXFileReference; lastKnownFileType = sourcecode.swift; path = AppDelegate.swift; sourceTree = "<group>"; };
		B75028B91C5A3F94000EB3CF /* Base */ = {isa = PBXFileReference; lastKnownFileType = file.storyboard; name = Base; path = Base.lproj/Main.storyboard; sourceTree = "<group>"; };
		B75028BB1C5A3F94000EB3CF /* Assets.xcassets */ = {isa = PBXFileReference; lastKnownFileType = folder.assetcatalog; path = Assets.xcassets; sourceTree = "<group>"; };
		B75028BE1C5A3F94000EB3CF /* Base */ = {isa = PBXFileReference; lastKnownFileType = file.storyboard; name = Base; path = Base.lproj/LaunchScreen.storyboard; sourceTree = "<group>"; };
		B75028C01C5A3F94000EB3CF /* Info.plist */ = {isa = PBXFileReference; lastKnownFileType = text.plist.xml; path = Info.plist; sourceTree = "<group>"; };
		B75028C51C5A3F94000EB3CF /* TestTests.xctest */ = {isa = PBXFileReference; explicitFileType = wrapper.cfbundle; includeInIndex = 0; path = TestTests.xctest; sourceTree = BUILT_PRODUCTS_DIR; };
		B75028C91C5A3F94000EB3CF /* TestTests.swift */ = {isa = PBXFileReference; lastKnownFileType = sourcecode.swift; path = TestTests.swift; sourceTree = "<group>"; };
		B75028CB1C5A3F94000EB3CF /* Info.plist */ = {isa = PBXFileReference; lastKnownFileType = text.plist.xml; path = Info.plist; sourceTree = "<group>"; };
		B75028D71C5A4093000EB3CF /* fw-shared.xcconfig */ = {isa = PBXFileReference; fileEncoding = 4; lastKnownFileType = text.xcconfig; path = "fw-shared.xcconfig"; sourceTree = "<group>"; };
		DB5B38F9252F66F1000DA92E /* SceneDelegate.swift */ = {isa = PBXFileReference; lastKnownFileType = sourcecode.swift; path = SceneDelegate.swift; sourceTree = "<group>"; };
		DBCD1DED252FA814004480D4 /* app.json */ = {isa = PBXFileReference; fileEncoding = 4; lastKnownFileType = text.json; path = app.json; sourceTree = "<group>"; };
/* End PBXFileReference section */

/* Begin PBXFrameworksBuildPhase section */
		B75028AE1C5A3F94000EB3CF /* Frameworks */ = {
			isa = PBXFrameworksBuildPhase;
			buildActionMask = 2147483647;
			files = (
				366BC2F82562CA8400CC3F27 /* BlackBerryCerticom.xcframework in Frameworks */,
				366BC2FC2562CA8600CC3F27 /* BlackBerryCerticomSBGSE.xcframework in Frameworks */,
				366BC2FF2562CA8700CC3F27 /* BlackBerryDynamics.xcframework in Frameworks */,
			);
			runOnlyForDeploymentPostprocessing = 0;
		};
		B75028C21C5A3F94000EB3CF /* Frameworks */ = {
			isa = PBXFrameworksBuildPhase;
			buildActionMask = 2147483647;
			files = (
			);
			runOnlyForDeploymentPostprocessing = 0;
		};
/* End PBXFrameworksBuildPhase section */

/* Begin PBXGroup section */
		B75028A81C5A3F94000EB3CF = {
			isa = PBXGroup;
			children = (
				B75028B31C5A3F94000EB3CF /* Test */,
				B75028C81C5A3F94000EB3CF /* TestTests */,
				B75028B21C5A3F94000EB3CF /* Products */,
			);
			sourceTree = "<group>";
		};
		B75028B21C5A3F94000EB3CF /* Products */ = {
			isa = PBXGroup;
			children = (
				B75028B11C5A3F94000EB3CF /* Test.app */,
				B75028C51C5A3F94000EB3CF /* TestTests.xctest */,
			);
			name = Products;
			sourceTree = "<group>";
		};
		B75028B31C5A3F94000EB3CF /* Test */ = {
			isa = PBXGroup;
			children = (
				B75028D51C5A404A000EB3CF /* Resources */,
				B75028D41C5A4045000EB3CF /* Supporting Files */,
				B75028B41C5A3F94000EB3CF /* AppDelegate.swift */,
				DB5B38F9252F66F1000DA92E /* SceneDelegate.swift */,
				3634FF0525795A5F0086674E /* MWBlackBerryDynamicsPlugin.swift */,
				3634FEF525794CB40086674E /* MWBlackBerryDynamicsEmailStep.swift */,
				3634FEF625794CB40086674E /* MWBlackBerryDynamicsEmailViewController.swift */,
				366BC290255EC7CA00CC3F27 /* BlackBerryDynamics.swift */,
				36A29AF82579289200778996 /* BBDServiceClient.swift */,
				78BC7F0B268F164F00847109 /* BBPDFService.swift */,
			);
			path = Test;
			sourceTree = "<group>";
		};
		B75028C81C5A3F94000EB3CF /* TestTests */ = {
			isa = PBXGroup;
			children = (
				B75028D61C5A405D000EB3CF /* Supporting Files */,
				B75028C91C5A3F94000EB3CF /* TestTests.swift */,
			);
			path = TestTests;
			sourceTree = "<group>";
		};
		B75028D41C5A4045000EB3CF /* Supporting Files */ = {
			isa = PBXGroup;
			children = (
				78C0E9BB20BC315100255055 /* Test.entitlements */,
				B75028C01C5A3F94000EB3CF /* Info.plist */,
				B75028D71C5A4093000EB3CF /* fw-shared.xcconfig */,
				4C1515FACE608FA7F26F440A /* mobileworkflow.license */,
			);
			path = "Supporting Files";
			sourceTree = "<group>";
		};
		B75028D51C5A404A000EB3CF /* Resources */ = {
			isa = PBXGroup;
			children = (
				DBCD1DED252FA814004480D4 /* app.json */,
				B75028BB1C5A3F94000EB3CF /* Assets.xcassets */,
				B75028BD1C5A3F94000EB3CF /* LaunchScreen.storyboard */,
				B75028B81C5A3F94000EB3CF /* Main.storyboard */,
			);
			path = Resources;
			sourceTree = "<group>";
		};
		B75028D61C5A405D000EB3CF /* Supporting Files */ = {
			isa = PBXGroup;
			children = (
				B75028CB1C5A3F94000EB3CF /* Info.plist */,
			);
			path = "Supporting Files";
			sourceTree = "<group>";
		};
/* End PBXGroup section */

/* Begin PBXNativeTarget section */
		B75028B01C5A3F94000EB3CF /* Test */ = {
			isa = PBXNativeTarget;
			buildConfigurationList = B75028CE1C5A3F94000EB3CF /* Build configuration list for PBXNativeTarget "Test" */;
			buildPhases = (
				B75028AD1C5A3F94000EB3CF /* Sources */,
				B75028AE1C5A3F94000EB3CF /* Frameworks */,
				B75028AF1C5A3F94000EB3CF /* Resources */,
				366BC2FA2562CA8400CC3F27 /* Embed Frameworks */,
			);
			buildRules = (
			);
			dependencies = (
			);
			name = Test;
			productName = Test;
			productReference = B75028B11C5A3F94000EB3CF /* Test.app */;
			productType = "com.apple.product-type.application";
		};
		B75028C41C5A3F94000EB3CF /* TestTests */ = {
			isa = PBXNativeTarget;
			buildConfigurationList = B75028D11C5A3F94000EB3CF /* Build configuration list for PBXNativeTarget "TestTests" */;
			buildPhases = (
				B75028C11C5A3F94000EB3CF /* Sources */,
				B75028C21C5A3F94000EB3CF /* Frameworks */,
				B75028C31C5A3F94000EB3CF /* Resources */,
			);
			buildRules = (
			);
			dependencies = (
				B75028C71C5A3F94000EB3CF /* PBXTargetDependency */,
			);
			name = TestTests;
			productName = TestTests;
			productReference = B75028C51C5A3F94000EB3CF /* TestTests.xctest */;
			productType = "com.apple.product-type.bundle.unit-test";
		};
/* End PBXNativeTarget section */

/* Begin PBXProject section */
		B75028A91C5A3F94000EB3CF /* Project object */ = {
			isa = PBXProject;
			attributes = {
				LastSwiftUpdateCheck = 0720;
				LastUpgradeCheck = 1200;
				ORGANIZATIONNAME = "Future Workshops";
				TargetAttributes = {
					B75028B01C5A3F94000EB3CF = {
						CreatedOnToolsVersion = 7.2;
						LastSwiftMigration = 1020;
						ProvisioningStyle = Manual;
						SystemCapabilities = {
							com.apple.DataProtection = {
								enabled = 1;
							};
						};
					};
					B75028C41C5A3F94000EB3CF = {
						CreatedOnToolsVersion = 7.2;
						LastSwiftMigration = 1020;
						ProvisioningStyle = Manual;
						TestTargetID = B75028B01C5A3F94000EB3CF;
					};
				};
			};
			buildConfigurationList = B75028AC1C5A3F94000EB3CF /* Build configuration list for PBXProject "Test" */;
			compatibilityVersion = "Xcode 3.2";
			developmentRegion = en;
			hasScannedForEncodings = 0;
			knownRegions = (
				en,
				Base,
			);
			mainGroup = B75028A81C5A3F94000EB3CF;
			productRefGroup = B75028B21C5A3F94000EB3CF /* Products */;
			projectDirPath = "";
			projectRoot = "";
			targets = (
				B75028B01C5A3F94000EB3CF /* Test */,
				B75028C41C5A3F94000EB3CF /* TestTests */,
			);
		};
/* End PBXProject section */

/* Begin PBXResourcesBuildPhase section */
		B75028AF1C5A3F94000EB3CF /* Resources */ = {
			isa = PBXResourcesBuildPhase;
			buildActionMask = 2147483647;
			files = (
				B75028BF1C5A3F94000EB3CF /* LaunchScreen.storyboard in Resources */,
				B75028BC1C5A3F94000EB3CF /* Assets.xcassets in Resources */,
				B75028BA1C5A3F94000EB3CF /* Main.storyboard in Resources */,
				DBCD1DEE252FA814004480D4 /* app.json in Resources */,
				2A1EA511EDE7BB3E0BF18B73 /* mobileworkflow.license in Resources */,
			);
			runOnlyForDeploymentPostprocessing = 0;
		};
		B75028C31C5A3F94000EB3CF /* Resources */ = {
			isa = PBXResourcesBuildPhase;
			buildActionMask = 2147483647;
			files = (
			);
			runOnlyForDeploymentPostprocessing = 0;
		};
/* End PBXResourcesBuildPhase section */

/* Begin PBXSourcesBuildPhase section */
		B75028AD1C5A3F94000EB3CF /* Sources */ = {
			isa = PBXSourcesBuildPhase;
			buildActionMask = 2147483647;
			files = (
				B75028B51C5A3F94000EB3CF /* AppDelegate.swift in Sources */,
				3634FF0625795A5F0086674E /* MWBlackBerryDynamicsPlugin.swift in Sources */,
				36A29AF92579289200778996 /* BBDServiceClient.swift in Sources */,
				3634FEF725794CB40086674E /* MWBlackBerryDynamicsEmailStep.swift in Sources */,
				DB5B38FA252F66F1000DA92E /* SceneDelegate.swift in Sources */,
				3634FEF825794CB40086674E /* MWBlackBerryDynamicsEmailViewController.swift in Sources */,
				366BC291255EC7CA00CC3F27 /* BlackBerryDynamics.swift in Sources */,
				78BC7F0C268F164F00847109 /* BBPDFService.swift in Sources */,
			);
			runOnlyForDeploymentPostprocessing = 0;
		};
		B75028C11C5A3F94000EB3CF /* Sources */ = {
			isa = PBXSourcesBuildPhase;
			buildActionMask = 2147483647;
			files = (
				B75028CA1C5A3F94000EB3CF /* TestTests.swift in Sources */,
			);
			runOnlyForDeploymentPostprocessing = 0;
		};
/* End PBXSourcesBuildPhase section */

/* Begin PBXTargetDependency section */
		B75028C71C5A3F94000EB3CF /* PBXTargetDependency */ = {
			isa = PBXTargetDependency;
			target = B75028B01C5A3F94000EB3CF /* Test */;
			targetProxy = B75028C61C5A3F94000EB3CF /* PBXContainerItemProxy */;
		};
/* End PBXTargetDependency section */

/* Begin PBXVariantGroup section */
		B75028B81C5A3F94000EB3CF /* Main.storyboard */ = {
			isa = PBXVariantGroup;
			children = (
				B75028B91C5A3F94000EB3CF /* Base */,
			);
			name = Main.storyboard;
			path = .;
			sourceTree = "<group>";
		};
		B75028BD1C5A3F94000EB3CF /* LaunchScreen.storyboard */ = {
			isa = PBXVariantGroup;
			children = (
				B75028BE1C5A3F94000EB3CF /* Base */,
			);
			name = LaunchScreen.storyboard;
			path = .;
			sourceTree = "<group>";
		};
/* End PBXVariantGroup section */

/* Begin XCBuildConfiguration section */
		B75028CC1C5A3F94000EB3CF /* Debug */ = {
			isa = XCBuildConfiguration;
			baseConfigurationReference = B75028D71C5A4093000EB3CF /* fw-shared.xcconfig */;
			buildSettings = {
				ALWAYS_SEARCH_USER_PATHS = NO;
				CLANG_ANALYZER_LOCALIZABILITY_NONLOCALIZED = YES;
				CLANG_CXX_LANGUAGE_STANDARD = "gnu++0x";
				CLANG_CXX_LIBRARY = "libc++";
				CLANG_ENABLE_MODULES = YES;
				CLANG_ENABLE_OBJC_ARC = YES;
				CLANG_WARN_BLOCK_CAPTURE_AUTORELEASING = YES;
				CLANG_WARN_BOOL_CONVERSION = YES;
				CLANG_WARN_COMMA = YES;
				CLANG_WARN_CONSTANT_CONVERSION = YES;
				CLANG_WARN_DIRECT_OBJC_ISA_USAGE = YES_ERROR;
				CLANG_WARN_EMPTY_BODY = YES;
				CLANG_WARN_ENUM_CONVERSION = YES;
				CLANG_WARN_INFINITE_RECURSION = YES;
				CLANG_WARN_INT_CONVERSION = YES;
				CLANG_WARN_OBJC_ROOT_CLASS = YES_ERROR;
				CLANG_WARN_QUOTED_INCLUDE_IN_FRAMEWORK_HEADER = YES;
				CLANG_WARN_RANGE_LOOP_ANALYSIS = YES;
				CLANG_WARN_STRICT_PROTOTYPES = YES;
				CLANG_WARN_SUSPICIOUS_MOVE = YES;
				CLANG_WARN_UNREACHABLE_CODE = YES;
				CLANG_WARN__DUPLICATE_METHOD_MATCH = YES;
				"CODE_SIGN_IDENTITY[sdk=iphoneos*]" = "iPhone Developer";
				COPY_PHASE_STRIP = NO;
				DEBUG_INFORMATION_FORMAT = dwarf;
				ENABLE_STRICT_OBJC_MSGSEND = YES;
				ENABLE_TESTABILITY = YES;
				GCC_C_LANGUAGE_STANDARD = gnu99;
				GCC_DYNAMIC_NO_PIC = NO;
				GCC_NO_COMMON_BLOCKS = YES;
				GCC_OPTIMIZATION_LEVEL = 0;
				GCC_PREPROCESSOR_DEFINITIONS = (
					"DEBUG=1",
					"$(inherited)",
				);
				GCC_WARN_64_TO_32_BIT_CONVERSION = YES;
				GCC_WARN_ABOUT_RETURN_TYPE = YES_ERROR;
				GCC_WARN_UNDECLARED_SELECTOR = YES;
				GCC_WARN_UNINITIALIZED_AUTOS = YES_AGGRESSIVE;
				GCC_WARN_UNUSED_FUNCTION = YES;
				GCC_WARN_UNUSED_VARIABLE = YES;
				IPHONEOS_DEPLOYMENT_TARGET = 15.0;
				MTL_ENABLE_DEBUG_INFO = YES;
				ONLY_ACTIVE_ARCH = YES;
				SDKROOT = iphoneos;
				SWIFT_OPTIMIZATION_LEVEL = "-Onone";
				SWIFT_VERSION = 5.0;
				TARGETED_DEVICE_FAMILY = 1;
			};
			name = Debug;
		};
		B75028CD1C5A3F94000EB3CF /* Release */ = {
			isa = XCBuildConfiguration;
			baseConfigurationReference = B75028D71C5A4093000EB3CF /* fw-shared.xcconfig */;
			buildSettings = {
				ALWAYS_SEARCH_USER_PATHS = NO;
				CLANG_ANALYZER_LOCALIZABILITY_NONLOCALIZED = YES;
				CLANG_CXX_LANGUAGE_STANDARD = "gnu++0x";
				CLANG_CXX_LIBRARY = "libc++";
				CLANG_ENABLE_MODULES = YES;
				CLANG_ENABLE_OBJC_ARC = YES;
				CLANG_WARN_BLOCK_CAPTURE_AUTORELEASING = YES;
				CLANG_WARN_BOOL_CONVERSION = YES;
				CLANG_WARN_COMMA = YES;
				CLANG_WARN_CONSTANT_CONVERSION = YES;
				CLANG_WARN_DIRECT_OBJC_ISA_USAGE = YES_ERROR;
				CLANG_WARN_EMPTY_BODY = YES;
				CLANG_WARN_ENUM_CONVERSION = YES;
				CLANG_WARN_INFINITE_RECURSION = YES;
				CLANG_WARN_INT_CONVERSION = YES;
				CLANG_WARN_OBJC_ROOT_CLASS = YES_ERROR;
				CLANG_WARN_QUOTED_INCLUDE_IN_FRAMEWORK_HEADER = YES;
				CLANG_WARN_RANGE_LOOP_ANALYSIS = YES;
				CLANG_WARN_STRICT_PROTOTYPES = YES;
				CLANG_WARN_SUSPICIOUS_MOVE = YES;
				CLANG_WARN_UNREACHABLE_CODE = YES;
				CLANG_WARN__DUPLICATE_METHOD_MATCH = YES;
				"CODE_SIGN_IDENTITY[sdk=iphoneos*]" = "iPhone Developer";
				COPY_PHASE_STRIP = NO;
				DEBUG_INFORMATION_FORMAT = "dwarf-with-dsym";
				ENABLE_NS_ASSERTIONS = NO;
				ENABLE_STRICT_OBJC_MSGSEND = YES;
				GCC_C_LANGUAGE_STANDARD = gnu99;
				GCC_NO_COMMON_BLOCKS = YES;
				GCC_WARN_64_TO_32_BIT_CONVERSION = YES;
				GCC_WARN_ABOUT_RETURN_TYPE = YES_ERROR;
				GCC_WARN_UNDECLARED_SELECTOR = YES;
				GCC_WARN_UNINITIALIZED_AUTOS = YES_AGGRESSIVE;
				GCC_WARN_UNUSED_FUNCTION = YES;
				GCC_WARN_UNUSED_VARIABLE = YES;
				IPHONEOS_DEPLOYMENT_TARGET = 15.0;
				MTL_ENABLE_DEBUG_INFO = NO;
				SDKROOT = iphoneos;
				SWIFT_COMPILATION_MODE = wholemodule;
				SWIFT_OPTIMIZATION_LEVEL = "-O";
				SWIFT_VERSION = 5.0;
				TARGETED_DEVICE_FAMILY = 1;
				VALIDATE_PRODUCT = YES;
			};
			name = Release;
		};
		B75028CF1C5A3F94000EB3CF /* Debug */ = {
			isa = XCBuildConfiguration;
			buildSettings = {
				ASSETCATALOG_COMPILER_APPICON_NAME = AppIcon;
				CODE_SIGN_ENTITLEMENTS = "Test/Supporting Files/Test.entitlements";
				CODE_SIGN_STYLE = Manual;
				DEVELOPMENT_TEAM = "";
				INFOPLIST_FILE = "Test/Supporting Files/Info.plist";
				LD_RUNPATH_SEARCH_PATHS = (
					"$(inherited)",
					"@executable_path/Frameworks",
				);
				PRODUCT_BUNDLE_IDENTIFIER = com.fws.users;
				PRODUCT_NAME = "$(TARGET_NAME)";
				PROVISIONING_PROFILE_SPECIFIER = "";
				SWIFT_VERSION = 5.0;
				TARGETED_DEVICE_FAMILY = "1,2";
			};
			name = Debug;
		};
		B75028D01C5A3F94000EB3CF /* Release */ = {
			isa = XCBuildConfiguration;
			buildSettings = {
				ASSETCATALOG_COMPILER_APPICON_NAME = AppIcon;
				CODE_SIGN_ENTITLEMENTS = "Test/Supporting Files/Test.entitlements";
				CODE_SIGN_STYLE = Manual;
				DEVELOPMENT_TEAM = "";
				INFOPLIST_FILE = "Test/Supporting Files/Info.plist";
				LD_RUNPATH_SEARCH_PATHS = (
					"$(inherited)",
					"@executable_path/Frameworks",
				);
				PRODUCT_BUNDLE_IDENTIFIER = com.fws.users;
				PRODUCT_NAME = "$(TARGET_NAME)";
				PROVISIONING_PROFILE_SPECIFIER = "";
				SWIFT_VERSION = 5.0;
				TARGETED_DEVICE_FAMILY = "1,2";
			};
			name = Release;
		};
		B75028D21C5A3F94000EB3CF /* Debug */ = {
			isa = XCBuildConfiguration;
			buildSettings = {
				BUNDLE_LOADER = "$(TEST_HOST)";
				CODE_SIGN_STYLE = Manual;
				DEVELOPMENT_TEAM = "";
				INFOPLIST_FILE = "TestTests/Supporting Files/Info.plist";
				LD_RUNPATH_SEARCH_PATHS = (
					"$(inherited)",
					"@executable_path/Frameworks",
					"@loader_path/Frameworks",
				);
				PRODUCT_BUNDLE_IDENTIFIER = com.fws.usersTest;
				PRODUCT_NAME = "$(TARGET_NAME)";
				PROVISIONING_PROFILE_SPECIFIER = "";
				SWIFT_VERSION = 5.0;
				TEST_HOST = "$(BUILT_PRODUCTS_DIR)/Test.app/Test";
			};
			name = Debug;
		};
		B75028D31C5A3F94000EB3CF /* Release */ = {
			isa = XCBuildConfiguration;
			buildSettings = {
				BUNDLE_LOADER = "$(TEST_HOST)";
				CODE_SIGN_STYLE = Manual;
				DEVELOPMENT_TEAM = "";
				INFOPLIST_FILE = "TestTests/Supporting Files/Info.plist";
				LD_RUNPATH_SEARCH_PATHS = (
					"$(inherited)",
					"@executable_path/Frameworks",
					"@loader_path/Frameworks",
				);
				PRODUCT_BUNDLE_IDENTIFIER = com.fws.usersTest;
				PRODUCT_NAME = "$(TARGET_NAME)";
				PROVISIONING_PROFILE_SPECIFIER = "";
				SWIFT_VERSION = 5.0;
				TEST_HOST = "$(BUILT_PRODUCTS_DIR)/Test.app/Test";
			};
			name = Release;
		};
/* End XCBuildConfiguration section */

/* Begin XCConfigurationList section */
		B75028AC1C5A3F94000EB3CF /* Build configuration list for PBXProject "Test" */ = {
			isa = XCConfigurationList;
			buildConfigurations = (
				B75028CC1C5A3F94000EB3CF /* Debug */,
				B75028CD1C5A3F94000EB3CF /* Release */,
			);
			defaultConfigurationIsVisible = 0;
			defaultConfigurationName = Release;
		};
		B75028CE1C5A3F94000EB3CF /* Build configuration list for PBXNativeTarget "Test" */ = {
			isa = XCConfigurationList;
			buildConfigurations = (
				B75028CF1C5A3F94000EB3CF /* Debug */,
				B75028D01C5A3F94000EB3CF /* Release */,
			);
			defaultConfigurationIsVisible = 0;
			defaultConfigurationName = Release;
		};
		B75028D11C5A3F94000EB3CF /* Build configuration list for PBXNativeTarget "TestTests" */ = {
			isa = XCConfigurationList;
			buildConfigurations = (
				B75028D21C5A3F94000EB3CF /* Debug */,
				B75028D31C5A3F94000EB3CF /* Release */,
			);
			defaultConfigurationIsVisible = 0;
			defaultConfigurationName = Release;
		};
/* End XCConfigurationList section */
	};
	rootObject = B75028A91C5A3F94000EB3CF /* Project object */;
}
